
Microsoft Visual Studio Solution File, Format Version 12.00
# Visual Studio Version 16
VisualStudioVersion = 16.0.29728.190
MinimumVisualStudioVersion = 10.0.40219.1
Project("{8BC9CEB8-8B4A-11D0-8D11-00A0C91BC942}") = "lab2_1", "lab2_1.vcxproj", "{3918AEFD-51D6-405F-9C3F-CE355F72E030}"
EndProject
Global
	GlobalSection(SolutionConfigurationPlatforms) = preSolution
		Debug|x64 = Debug|x64
		Release|x64 = Release|x64
	EndGlobalSection
	GlobalSection(ProjectConfigurationPlatforms) = postSolution
		{3918AEFD-51D6-405F-9C3F-CE355F72E030}.Debug|x64.ActiveCfg = Debug|x64
		{3918AEFD-51D6-405F-9C3F-CE355F72E030}.Debug|x64.Build.0 = Debug|x64
		{3918AEFD-51D6-405F-9C3F-CE355F72E030}.Release|x64.ActiveCfg = Release|x64
		{3918AEFD-51D6-405F-9C3F-CE355F72E030}.Release|x64.Build.0 = Release|x64
	EndGlobalSection
	GlobalSection(SolutionProperties) = preSolution
		HideSolutionNode = FALSE
	EndGlobalSection
	GlobalSection(ExtensibilityGlobals) = postSolution
		SolutionGuid = {2CFCC18C-269F-4322-8FC2-4611CA537F2C}
	EndGlobalSection
EndGlobal
